// !$*UTF8*$!
{
	archiveVersion = 1;
	classes = {
	};
	objectVersion = 46;
	objects = {

/* Begin PBXBuildFile section */
		723094371D7404F100FA0C38 /* main.m in Sources */ = {isa = PBXBuildFile; fileRef = 723094361D7404F100FA0C38 /* main.m */; };
		7230943A1D7404F100FA0C38 /* AppDelegate.m in Sources */ = {isa = PBXBuildFile; fileRef = 723094391D7404F100FA0C38 /* AppDelegate.m */; };
		7230943D1D7404F100FA0C38 /* ViewController.m in Sources */ = {isa = PBXBuildFile; fileRef = 7230943C1D7404F100FA0C38 /* ViewController.m */; };
		723094401D7404F100FA0C38 /* Main.storyboard in Resources */ = {isa = PBXBuildFile; fileRef = 7230943E1D7404F100FA0C38 /* Main.storyboard */; };
		723094421D7404F100FA0C38 /* Assets.xcassets in Resources */ = {isa = PBXBuildFile; fileRef = 723094411D7404F100FA0C38 /* Assets.xcassets */; };
		723094451D7404F100FA0C38 /* LaunchScreen.storyboard in Resources */ = {isa = PBXBuildFile; fileRef = 723094431D7404F100FA0C38 /* LaunchScreen.storyboard */; };
		7230944E1D74113800FA0C38 /* HSFeedsViewController.m in Sources */ = {isa = PBXBuildFile; fileRef = 7230944D1D74113800FA0C38 /* HSFeedsViewController.m */; };
		723094511D74114400FA0C38 /* TestViewController.m in Sources */ = {isa = PBXBuildFile; fileRef = 723094501D74114400FA0C38 /* TestViewController.m */; };
		728AFE1D1D758EB2007FAB50 /* UIButton+RunTimeButton.m in Sources */ = {isa = PBXBuildFile; fileRef = 728AFE1A1D758EB2007FAB50 /* UIButton+RunTimeButton.m */; };
		728AFE1E1D758EB2007FAB50 /* RunTimeString.m in Sources */ = {isa = PBXBuildFile; fileRef = 728AFE1C1D758EB2007FAB50 /* RunTimeString.m */; };
		728AFE211D758F01007FAB50 /* ViewController1.m in Sources */ = {isa = PBXBuildFile; fileRef = 728AFE201D758F01007FAB50 /* ViewController1.m */; };
/* End PBXBuildFile section */

/* Begin PBXFileReference section */
		723094321D7404F100FA0C38 /* UniversalJump.app */ = {isa = PBXFileReference; explicitFileType = wrapper.application; includeInIndex = 0; path = UniversalJump.app; sourceTree = BUILT_PRODUCTS_DIR; };
		723094361D7404F100FA0C38 /* main.m */ = {isa = PBXFileReference; lastKnownFileType = sourcecode.c.objc; path = main.m; sourceTree = "<group>"; };
		723094381D7404F100FA0C38 /* AppDelegate.h */ = {isa = PBXFileReference; lastKnownFileType = sourcecode.c.h; path = AppDelegate.h; sourceTree = "<group>"; };
		723094391D7404F100FA0C38 /* AppDelegate.m */ = {isa = PBXFileReference; lastKnownFileType = sourcecode.c.objc; path = AppDelegate.m; sourceTree = "<group>"; };
		7230943B1D7404F100FA0C38 /* ViewController.h */ = {isa = PBXFileReference; lastKnownFileType = sourcecode.c.h; path = ViewController.h; sourceTree = "<group>"; };
		7230943C1D7404F100FA0C38 /* ViewController.m */ = {isa = PBXFileReference; lastKnownFileType = sourcecode.c.objc; path = ViewController.m; sourceTree = "<group>"; };
		7230943F1D7404F100FA0C38 /* Base */ = {isa = PBXFileReference; lastKnownFileType = file.storyboard; name = Base; path = Base.lproj/Main.storyboard; sourceTree = "<group>"; };
		723094411D7404F100FA0C38 /* Assets.xcassets */ = {isa = PBXFileReference; lastKnownFileType = folder.assetcatalog; path = Assets.xcassets; sourceTree = "<group>"; };
		723094441D7404F100FA0C38 /* Base */ = {isa = PBXFileReference; lastKnownFileType = file.storyboard; name = Base; path = Base.lproj/LaunchScreen.storyboard; sourceTree = "<group>"; };
		723094461D7404F100FA0C38 /* Info.plist */ = {isa = PBXFileReference; lastKnownFileType = text.plist.xml; path = Info.plist; sourceTree = "<group>"; };
		7230944C1D74113800FA0C38 /* HSFeedsViewController.h */ = {isa = PBXFileReference; fileEncoding = 4; lastKnownFileType = sourcecode.c.h; path = HSFeedsViewController.h; sourceTree = "<group>"; };
		7230944D1D74113800FA0C38 /* HSFeedsViewController.m */ = {isa = PBXFileReference; fileEncoding = 4; lastKnownFileType = sourcecode.c.objc; path = HSFeedsViewController.m; sourceTree = "<group>"; };
		7230944F1D74114400FA0C38 /* TestViewController.h */ = {isa = PBXFileReference; fileEncoding = 4; lastKnownFileType = sourcecode.c.h; path = TestViewController.h; sourceTree = "<group>"; };
		723094501D74114400FA0C38 /* TestViewController.m */ = {isa = PBXFileReference; fileEncoding = 4; lastKnownFileType = sourcecode.c.objc; path = TestViewController.m; sourceTree = "<group>"; };
		728AFE191D758EB1007FAB50 /* UIButton+RunTimeButton.h */ = {isa = PBXFileReference; fileEncoding = 4; lastKnownFileType = sourcecode.c.h; path = "UIButton+RunTimeButton.h"; sourceTree = "<group>"; };
		728AFE1A1D758EB2007FAB50 /* UIButton+RunTimeButton.m */ = {isa = PBXFileReference; fileEncoding = 4; lastKnownFileType = sourcecode.c.objc; path = "UIButton+RunTimeButton.m"; sourceTree = "<group>"; };
		728AFE1B1D758EB2007FAB50 /* RunTimeString.h */ = {isa = PBXFileReference; fileEncoding = 4; lastKnownFileType = sourcecode.c.h; path = RunTimeString.h; sourceTree = "<group>"; };
		728AFE1C1D758EB2007FAB50 /* RunTimeString.m */ = {isa = PBXFileReference; fileEncoding = 4; lastKnownFileType = sourcecode.c.objc; path = RunTimeString.m; sourceTree = "<group>"; };
		728AFE1F1D758F01007FAB50 /* ViewController1.h */ = {isa = PBXFileReference; fileEncoding = 4; lastKnownFileType = sourcecode.c.h; path = ViewController1.h; sourceTree = "<group>"; };
		728AFE201D758F01007FAB50 /* ViewController1.m */ = {isa = PBXFileReference; fileEncoding = 4; lastKnownFileType = sourcecode.c.objc; path = ViewController1.m; sourceTree = "<group>"; };
/* End PBXFileReference section */

/* Begin PBXFrameworksBuildPhase section */
		7230942F1D7404F100FA0C38 /* Frameworks */ = {
			isa = PBXFrameworksBuildPhase;
			buildActionMask = 2147483647;
			files = (
			);
			runOnlyForDeploymentPostprocessing = 0;
		};
/* End PBXFrameworksBuildPhase section */

/* Begin PBXGroup section */
		723094291D7404F100FA0C38 = {
			isa = PBXGroup;
			children = (
				723094341D7404F100FA0C38 /* UniversalJump */,
				723094331D7404F100FA0C38 /* Products */,
			);
			sourceTree = "<group>";
		};
		723094331D7404F100FA0C38 /* Products */ = {
			isa = PBXGroup;
			children = (
				723094321D7404F100FA0C38 /* UniversalJump.app */,
			);
			name = Products;
			sourceTree = "<group>";
		};
		723094341D7404F100FA0C38 /* UniversalJump */ = {
			isa = PBXGroup;
			children = (
				728AFE191D758EB1007FAB50 /* UIButton+RunTimeButton.h */,
				728AFE1A1D758EB2007FAB50 /* UIButton+RunTimeButton.m */,
				728AFE1B1D758EB2007FAB50 /* RunTimeString.h */,
				728AFE1C1D758EB2007FAB50 /* RunTimeString.m */,
				723094381D7404F100FA0C38 /* AppDelegate.h */,
				723094391D7404F100FA0C38 /* AppDelegate.m */,
				7230943B1D7404F100FA0C38 /* ViewController.h */,
				7230943C1D7404F100FA0C38 /* ViewController.m */,
				7230944C1D74113800FA0C38 /* HSFeedsViewController.h */,
				7230944D1D74113800FA0C38 /* HSFeedsViewController.m */,
				728AFE1F1D758F01007FAB50 /* ViewController1.h */,
				728AFE201D758F01007FAB50 /* ViewController1.m */,
				7230944F1D74114400FA0C38 /* TestViewController.h */,
				723094501D74114400FA0C38 /* TestViewController.m */,
				7230943E1D7404F100FA0C38 /* Main.storyboard */,
				723094411D7404F100FA0C38 /* Assets.xcassets */,
				723094431D7404F100FA0C38 /* LaunchScreen.storyboard */,
				723094461D7404F100FA0C38 /* Info.plist */,
				723094351D7404F100FA0C38 /* Supporting Files */,
			);
			path = UniversalJump;
			sourceTree = "<group>";
		};
		723094351D7404F100FA0C38 /* Supporting Files */ = {
			isa = PBXGroup;
			children = (
				723094361D7404F100FA0C38 /* main.m */,
			);
			name = "Supporting Files";
			sourceTree = "<group>";
		};
/* End PBXGroup section */

/* Begin PBXNativeTarget section */
		723094311D7404F100FA0C38 /* UniversalJump */ = {
			isa = PBXNativeTarget;
			buildConfigurationList = 723094491D7404F100FA0C38 /* Build configuration list for PBXNativeTarget "UniversalJump" */;
			buildPhases = (
				7230942E1D7404F100FA0C38 /* Sources */,
				7230942F1D7404F100FA0C38 /* Frameworks */,
				723094301D7404F100FA0C38 /* Resources */,
			);
			buildRules = (
			);
			dependencies = (
			);
			name = UniversalJump;
			productName = UniversalJump;
			productReference = 723094321D7404F100FA0C38 /* UniversalJump.app */;
			productType = "com.apple.product-type.application";
		};
/* End PBXNativeTarget section */

/* Begin PBXProject section */
		7230942A1D7404F100FA0C38 /* Project object */ = {
			isa = PBXProject;
			attributes = {
				LastUpgradeCheck = 0730;
				ORGANIZATIONNAME = "苏孝禹";
				TargetAttributes = {
					723094311D7404F100FA0C38 = {
						CreatedOnToolsVersion = 7.3.1;
					};
				};
			};
			buildConfigurationList = 7230942D1D7404F100FA0C38 /* Build configuration list for PBXProject "UniversalJump" */;
			compatibilityVersion = "Xcode 3.2";
			developmentRegion = English;
			hasScannedForEncodings = 0;
			knownRegions = (
				en,
				Base,
			);
			mainGroup = 723094291D7404F100FA0C38;
			productRefGroup = 723094331D7404F100FA0C38 /* Products */;
			projectDirPath = "";
			projectRoot = "";
			targets = (
				723094311D7404F100FA0C38 /* UniversalJump */,
			);
		};
/* End PBXProject section */

/* Begin PBXResourcesBuildPhase section */
		723094301D7404F100FA0C38 /* Resources */ = {
			isa = PBXResourcesBuildPhase;
			buildActionMask = 2147483647;
			files = (
				723094451D7404F100FA0C38 /* LaunchScreen.storyboard in Resources */,
				723094421D7404F100FA0C38 /* Assets.xcassets in Resources */,
				723094401D7404F100FA0C38 /* Main.storyboard in Resources */,
			);
			runOnlyForDeploymentPostprocessing = 0;
		};
/* End PBXResourcesBuildPhase section */

/* Begin PBXSourcesBuildPhase section */
		7230942E1D7404F100FA0C38 /* Sources */ = {
			isa = PBXSourcesBuildPhase;
			buildActionMask = 2147483647;
			files = (
				7230943D1D7404F100FA0C38 /* ViewController.m in Sources */,
				7230943A1D7404F100FA0C38 /* AppDelegate.m in Sources */,
				723094371D7404F100FA0C38 /* main.m in Sources */,
				728AFE1E1D758EB2007FAB50 /* RunTimeString.m in Sources */,
				728AFE211D758F01007FAB50 /* ViewController1.m in Sources */,
				7230944E1D74113800FA0C38 /* HSFeedsViewController.m in Sources */,
				728AFE1D1D758EB2007FAB50 /* UIButton+RunTimeButton.m in Sources */,
				723094511D74114400FA0C38 /* TestViewController.m in Sources */,
			);
			runOnlyForDeploymentPostprocessing = 0;
		};
/* End PBXSourcesBuildPhase section */

/* Begin PBXVariantGroup section */
		7230943E1D7404F100FA0C38 /* Main.storyboard */ = {
			isa = PBXVariantGroup;
			children = (
				7230943F1D7404F100FA0C38 /* Base */,
			);
			name = Main.storyboard;
			sourceTree = "<group>";
		};
		723094431D7404F100FA0C38 /* LaunchScreen.storyboard */ = {
			isa = PBXVariantGroup;
			children = (
				723094441D7404F100FA0C38 /* Base */,
			);
			name = LaunchScreen.storyboard;
			sourceTree = "<group>";
		};
/* End PBXVariantGroup section */

/* Begin XCBuildConfiguration section */
		723094471D7404F100FA0C38 /* Debug */ = {
			isa = XCBuildConfiguration;
			buildSettings = {
				ALWAYS_SEARCH_USER_PATHS = NO;
				CLANG_ANALYZER_NONNULL = YES;
				CLANG_CXX_LANGUAGE_STANDARD = "gnu++0x";
				CLANG_CXX_LIBRARY = "libc++";
				CLANG_ENABLE_MODULES = YES;
				CLANG_ENABLE_OBJC_ARC = YES;
				CLANG_WARN_BOOL_CONVERSION = YES;
				CLANG_WARN_CONSTANT_CONVERSION = YES;
				CLANG_WARN_DIRECT_OBJC_ISA_USAGE = YES_ERROR;
				CLANG_WARN_EMPTY_BODY = YES;
				CLANG_WARN_ENUM_CONVERSION = YES;
				CLANG_WARN_INT_CONVERSION = YES;
				CLANG_WARN_OBJC_ROOT_CLASS = YES_ERROR;
				CLANG_WARN_UNREACHABLE_CODE = YES;
				CLANG_WARN__DUPLICATE_METHOD_MATCH = YES;
				"CODE_SIGN_IDENTITY[sdk=iphoneos*]" = "iPhone Developer";
				COPY_PHASE_STRIP = NO;
				DEBUG_INFORMATION_FORMAT = dwarf;
				ENABLE_STRICT_OBJC_MSGSEND = YES;
				ENABLE_TESTABILITY = YES;
				GCC_C_LANGUAGE_STANDARD = gnu99;
				GCC_DYNAMIC_NO_PIC = NO;
				GCC_NO_COMMON_BLOCKS = YES;
				GCC_OPTIMIZATION_LEVEL = 0;
				GCC_PREPROCESSOR_DEFINITIONS = (
					"DEBUG=1",
					"$(inherited)",
				);
				GCC_WARN_64_TO_32_BIT_CONVERSION = YES;
				GCC_WARN_ABOUT_RETURN_TYPE = YES_ERROR;
				GCC_WARN_UNDECLARED_SELECTOR = YES;
				GCC_WARN_UNINITIALIZED_AUTOS = YES_AGGRESSIVE;
				GCC_WARN_UNUSED_FUNCTION = YES;
				GCC_WARN_UNUSED_VARIABLE = YES;
				IPHONEOS_DEPLOYMENT_TARGET = 9.3;
				MTL_ENABLE_DEBUG_INFO = YES;
				ONLY_ACTIVE_ARCH = YES;
				SDKROOT = iphoneos;
			};
			name = Debug;
		};
		723094481D7404F100FA0C38 /* Release */ = {
			isa = XCBuildConfiguration;
			buildSettings = {
				ALWAYS_SEARCH_USER_PATHS = NO;
				CLANG_ANALYZER_NONNULL = YES;
				CLANG_CXX_LANGUAGE_STANDARD = "gnu++0x";
				CLANG_CXX_LIBRARY = "libc++";
				CLANG_ENABLE_MODULES = YES;
				CLANG_ENABLE_OBJC_ARC = YES;
				CLANG_WARN_BOOL_CONVERSION = YES;
				CLANG_WARN_CONSTANT_CONVERSION = YES;
				CLANG_WARN_DIRECT_OBJC_ISA_USAGE = YES_ERROR;
				CLANG_WARN_EMPTY_BODY = YES;
				CLANG_WARN_ENUM_CONVERSION = YES;
				CLANG_WARN_INT_CONVERSION = YES;
				CLANG_WARN_OBJC_ROOT_CLASS = YES_ERROR;
				CLANG_WARN_UNREACHABLE_CODE = YES;
				CLANG_WARN__DUPLICATE_METHOD_MATCH = YES;
				"CODE_SIGN_IDENTITY[sdk=iphoneos*]" = "iPhone Developer";
				COPY_PHASE_STRIP = NO;
				DEBUG_INFORMATION_FORMAT = "dwarf-with-dsym";
				ENABLE_NS_ASSERTIONS = NO;
				ENABLE_STRICT_OBJC_MSGSEND = YES;
				GCC_C_LANGUAGE_STANDARD = gnu99;
				GCC_NO_COMMON_BLOCKS = YES;
				GCC_WARN_64_TO_32_BIT_CONVERSION = YES;
				GCC_WARN_ABOUT_RETURN_TYPE = YES_ERROR;
				GCC_WARN_UNDECLARED_SELECTOR = YES;
				GCC_WARN_UNINITIALIZED_AUTOS = YES_AGGRESSIVE;
				GCC_WARN_UNUSED_FUNCTION = YES;
				GCC_WARN_UNUSED_VARIABLE = YES;
				IPHONEOS_DEPLOYMENT_TARGET = 9.3;
				MTL_ENABLE_DEBUG_INFO = NO;
				SDKROOT = iphoneos;
				VALIDATE_PRODUCT = YES;
			};
			name = Release;
		};
		7230944A1D7404F100FA0C38 /* Debug */ = {
			isa = XCBuildConfiguration;
			buildSettings = {
				ASSETCATALOG_COMPILER_APPICON_NAME = AppIcon;
				INFOPLIST_FILE = UniversalJump/Info.plist;
				LD_RUNPATH_SEARCH_PATHS = "$(inherited) @executable_path/Frameworks";
				PRODUCT_BUNDLE_IDENTIFIER = UniversalJump.UniversalJump;
				PRODUCT_NAME = "$(TARGET_NAME)";
			};
			name = Debug;
		};
		7230944B1D7404F100FA0C38 /* Release */ = {
			isa = XCBuildConfiguration;
			buildSettings = {
				ASSETCATALOG_COMPILER_APPICON_NAME = AppIcon;
				INFOPLIST_FILE = UniversalJump/Info.plist;
				LD_RUNPATH_SEARCH_PATHS = "$(inherited) @executable_path/Frameworks";
				PRODUCT_BUNDLE_IDENTIFIER = UniversalJump.UniversalJump;
				PRODUCT_NAME = "$(TARGET_NAME)";
			};
			name = Release;
		};
/* End XCBuildConfiguration section */

/* Begin XCConfigurationList section */
		7230942D1D7404F100FA0C38 /* Build configuration list for PBXProject "UniversalJump" */ = {
			isa = XCConfigurationList;
			buildConfigurations = (
				723094471D7404F100FA0C38 /* Debug */,
				723094481D7404F100FA0C38 /* Release */,
			);
			defaultConfigurationIsVisible = 0;
			defaultConfigurationName = Release;
		};
		723094491D7404F100FA0C38 /* Build configuration list for PBXNativeTarget "UniversalJump" */ = {
			isa = XCConfigurationList;
			buildConfigurations = (
				7230944A1D7404F100FA0C38 /* Debug */,
				7230944B1D7404F100FA0C38 /* Release */,
			);
			defaultConfigurationIsVisible = 0;
			defaultConfigurationName = Release;
		};
/* End XCConfigurationList section */
	};
	rootObject = 7230942A1D7404F100FA0C38 /* Project object */;
}
